// !$*UTF8*$!
{
	archiveVersion = 1;
	classes = {
	};
	objectVersion = 56;
	objects = {

/* Begin PBXBuildFile section */
		142CB9392A90CCF200CBD9F4 /* SwiftUITempletApp.swift in Sources */ = {isa = PBXBuildFile; fileRef = 142CB9382A90CCF200CBD9F4 /* SwiftUITempletApp.swift */; };
		142CB93B2A90CCF200CBD9F4 /* ContentView.swift in Sources */ = {isa = PBXBuildFile; fileRef = 142CB93A2A90CCF200CBD9F4 /* ContentView.swift */; };
		142CB93D2A90CCF400CBD9F4 /* Assets.xcassets in Resources */ = {isa = PBXBuildFile; fileRef = 142CB93C2A90CCF400CBD9F4 /* Assets.xcassets */; };
		142CB9402A90CCF400CBD9F4 /* Preview Assets.xcassets in Resources */ = {isa = PBXBuildFile; fileRef = 142CB93F2A90CCF400CBD9F4 /* Preview Assets.xcassets */; };
		142CB9472A90CD1A00CBD9F4 /* AnyUIView.swift in Sources */ = {isa = PBXBuildFile; fileRef = 142CB9462A90CD1A00CBD9F4 /* AnyUIView.swift */; };
		142CB94A2A90CD6A00CBD9F4 /* SearchBarView.swift in Sources */ = {isa = PBXBuildFile; fileRef = 142CB9492A90CD6A00CBD9F4 /* SearchBarView.swift */; };
		144668E82D70413100204772 /* TextDemoPage.swift in Sources */ = {isa = PBXBuildFile; fileRef = 144668E72D70413100204772 /* TextDemoPage.swift */; };
		144668EA2D70424500204772 /* NSectionView.swift in Sources */ = {isa = PBXBuildFile; fileRef = 144668E92D70424500204772 /* NSectionView.swift */; };
		144668EC2D7049D600204772 /* ButtonDemoPage.swift in Sources */ = {isa = PBXBuildFile; fileRef = 144668EB2D7049D600204772 /* ButtonDemoPage.swift */; };
		144668F02D705E3700204772 /* Date_ext.swift in Sources */ = {isa = PBXBuildFile; fileRef = 144668EF2D705E3700204772 /* Date_ext.swift */; };
		144668F42D70621000204772 /* SheetDemoPage.swift in Sources */ = {isa = PBXBuildFile; fileRef = 144668F32D70621000204772 /* SheetDemoPage.swift */; };
		144668F62D70631800204772 /* TextButon.swift in Sources */ = {isa = PBXBuildFile; fileRef = 144668F52D70631800204772 /* TextButon.swift */; };
		1477664F2D64737200458842 /* Color_ext.swift in Sources */ = {isa = PBXBuildFile; fileRef = 1477664E2D64737200458842 /* Color_ext.swift */; };
		147766512D6473EA00458842 /* View_ext.swift in Sources */ = {isa = PBXBuildFile; fileRef = 147766502D6473EA00458842 /* View_ext.swift */; };
		1477667C2D647C4000458842 /* Data.swift in Sources */ = {isa = PBXBuildFile; fileRef = 147766762D647C4000458842 /* Data.swift */; };
		1477667F2D647C4000458842 /* Profile.swift in Sources */ = {isa = PBXBuildFile; fileRef = 147766792D647C4000458842 /* Profile.swift */; };
		147766802D647C4000458842 /* UserData.swift in Sources */ = {isa = PBXBuildFile; fileRef = 1477667A2D647C4000458842 /* UserData.swift */; };
		147766822D647EA000458842 /* DetailView.swift in Sources */ = {isa = PBXBuildFile; fileRef = 147766812D647EA000458842 /* DetailView.swift */; };
		147766842D64902500458842 /* log.swift in Sources */ = {isa = PBXBuildFile; fileRef = 147766832D64902500458842 /* log.swift */; };
		147766862D64914A00458842 /* TestView.swift in Sources */ = {isa = PBXBuildFile; fileRef = 147766852D64914A00458842 /* TestView.swift */; };
		147766882D64922900458842 /* TabbarView.swift in Sources */ = {isa = PBXBuildFile; fileRef = 147766872D64922900458842 /* TabbarView.swift */; };
		14780A782D6427E000F8C62D /* NavigationContext.swift in Sources */ = {isa = PBXBuildFile; fileRef = 14780A772D6427E000F8C62D /* NavigationContext.swift */; };
		14780A7B2D642B1900F8C62D /* MyCoordinator.swift in Sources */ = {isa = PBXBuildFile; fileRef = 14780A7A2D642B1900F8C62D /* MyCoordinator.swift */; };
		14780A7D2D642D8200F8C62D /* HomeView.swift in Sources */ = {isa = PBXBuildFile; fileRef = 14780A7C2D642D8200F8C62D /* HomeView.swift */; };
		14780A802D642DA800F8C62D /* FeedView.swift in Sources */ = {isa = PBXBuildFile; fileRef = 14780A7F2D642DA800F8C62D /* FeedView.swift */; };
		14780A842D642DE400F8C62D /* UnknowView.swift in Sources */ = {isa = PBXBuildFile; fileRef = 14780A832D642DE400F8C62D /* UnknowView.swift */; };
		14780A862D6430C100F8C62D /* ProfileView.swift in Sources */ = {isa = PBXBuildFile; fileRef = 14780A852D6430C100F8C62D /* ProfileView.swift */; };
		14780A892D64419700F8C62D /* Navigator.swift in Sources */ = {isa = PBXBuildFile; fileRef = 14780A882D64419700F8C62D /* Navigator.swift */; };
		148B78C12D67351100B767F3 /* BaseView.swift in Sources */ = {isa = PBXBuildFile; fileRef = 148B78C02D67351100B767F3 /* BaseView.swift */; };
		14A3F2AF2D6DC47100DA08B4 /* DocumentPicker.swift in Sources */ = {isa = PBXBuildFile; fileRef = 14A3F2AE2D6DC47100DA08B4 /* DocumentPicker.swift */; };
		14A3F2B32D6DCAC900DA08B4 /* Device_ext.swift in Sources */ = {isa = PBXBuildFile; fileRef = 14A3F2B22D6DCAC900DA08B4 /* Device_ext.swift */; };
		14A3F2B52D6DCBE400DA08B4 /* PermissionManager.swift in Sources */ = {isa = PBXBuildFile; fileRef = 14A3F2B42D6DCBE400DA08B4 /* PermissionManager.swift */; };
		14A3F2B72D6DCDD700DA08B4 /* UIApplication_ext.swift in Sources */ = {isa = PBXBuildFile; fileRef = 14A3F2B62D6DCDD700DA08B4 /* UIApplication_ext.swift */; };
		14A3F2BB2D6DD2B500DA08B4 /* TextRecognition.swift in Sources */ = {isa = PBXBuildFile; fileRef = 14A3F2B82D6DD2B500DA08B4 /* TextRecognition.swift */; };
		14A3F2BC2D6DD2B500DA08B4 /* DataScanner.swift in Sources */ = {isa = PBXBuildFile; fileRef = 14A3F2B92D6DD2B500DA08B4 /* DataScanner.swift */; };
		14A3F2BD2D6DD2B500DA08B4 /* ScannerView.swift in Sources */ = {isa = PBXBuildFile; fileRef = 14A3F2BA2D6DD2B500DA08B4 /* ScannerView.swift */; };
		14C825D62D5AF3D700A2A347 /* OCRManager.swift in Sources */ = {isa = PBXBuildFile; fileRef = 14C825D52D5AF3D700A2A347 /* OCRManager.swift */; };
		14CAB9672D7596C700EC2EEA /* SettingsView.swift in Sources */ = {isa = PBXBuildFile; fileRef = 14CAB9662D7596C700EC2EEA /* SettingsView.swift */; };
		14D7EBFF2AA963A900B4926A /* MemberLookupDemo.swift in Sources */ = {isa = PBXBuildFile; fileRef = 14D7EBFE2AA963A900B4926A /* MemberLookupDemo.swift */; };
		14E469562D65682E00B7372F /* Alamofire in Frameworks */ = {isa = PBXBuildFile; productRef = 14E469552D65682E00B7372F /* Alamofire */; };
		14E4695B2D656A2F00B7372F /* SDWebImageSwiftUI in Frameworks */ = {isa = PBXBuildFile; productRef = 14E4695A2D656A2F00B7372F /* SDWebImageSwiftUI */; };
		14E4695E2D656CE600B7372F /* SwiftUIIntrospect in Frameworks */ = {isa = PBXBuildFile; productRef = 14E4695D2D656CE600B7372F /* SwiftUIIntrospect */; };
		14E469622D656CE600B7372F /* SwiftUIIntrospect-Static in Frameworks */ = {isa = PBXBuildFile; productRef = 14E469612D656CE600B7372F /* SwiftUIIntrospect-Static */; };
		14E469652D656D0E00B7372F /* SwiftUIX in Frameworks */ = {isa = PBXBuildFile; productRef = 14E469642D656D0E00B7372F /* SwiftUIX */; };
		14E469682D65705700B7372F /* DGCharts in Frameworks */ = {isa = PBXBuildFile; productRef = 14E469672D65705700B7372F /* DGCharts */; };
		14E4696D2D6570CF00B7372F /* SwiftDate in Frameworks */ = {isa = PBXBuildFile; productRef = 14E4696C2D6570CF00B7372F /* SwiftDate */; };
		14E469732D65721F00B7372F /* MJRefresh in Frameworks */ = {isa = PBXBuildFile; productRef = 14E469722D65721F00B7372F /* MJRefresh */; };
		14E469782D65759800B7372F /* RefreshableScrollView.swift in Sources */ = {isa = PBXBuildFile; fileRef = 14E469772D65759800B7372F /* RefreshableScrollView.swift */; };
		14E4697A2D6577C000B7372F /* Array_ext.swift in Sources */ = {isa = PBXBuildFile; fileRef = 14E469792D6577C000B7372F /* Array_ext.swift */; };
		14E4697D2D6592F900B7372F /* BBSwiftUIKit in Frameworks */ = {isa = PBXBuildFile; productRef = 14E4697C2D6592F900B7372F /* BBSwiftUIKit */; };
		14E4697F2D65931200B7372F /* TableViewExample.swift in Sources */ = {isa = PBXBuildFile; fileRef = 14E4697E2D65931200B7372F /* TableViewExample.swift */; };
		14E469812D65AF8F00B7372F /* ComponentView.swift in Sources */ = {isa = PBXBuildFile; fileRef = 14E469802D65AF8F00B7372F /* ComponentView.swift */; };
		14E469832D65C34E00B7372F /* LoginBoxView.swift in Sources */ = {isa = PBXBuildFile; fileRef = 14E469822D65C34E00B7372F /* LoginBoxView.swift */; };
		14E469872D65C80B00B7372F /* AnimatePageView.swift in Sources */ = {isa = PBXBuildFile; fileRef = 14E469862D65C80A00B7372F /* AnimatePageView.swift */; };
		14E469892D65CCD800B7372F /* Geometry_ext.swift in Sources */ = {isa = PBXBuildFile; fileRef = 14E469882D65CCD800B7372F /* Geometry_ext.swift */; };
		14E4698B2D65CF8E00B7372F /* GestureView.swift in Sources */ = {isa = PBXBuildFile; fileRef = 14E4698A2D65CF8E00B7372F /* GestureView.swift */; };
		14E4698E2D65D18900B7372F /* NavView.swift in Sources */ = {isa = PBXBuildFile; fileRef = 14E4698D2D65D18900B7372F /* NavView.swift */; };
		14E469902D65D44100B7372F /* DynamicContentView.swift in Sources */ = {isa = PBXBuildFile; fileRef = 14E4698F2D65D44100B7372F /* DynamicContentView.swift */; };
		14E469922D65DBC200B7372F /* CustomeModifierView.swift in Sources */ = {isa = PBXBuildFile; fileRef = 14E469912D65DBC200B7372F /* CustomeModifierView.swift */; };
		14E469942D65E15D00B7372F /* GeometryReaderView.swift in Sources */ = {isa = PBXBuildFile; fileRef = 14E469932D65E15D00B7372F /* GeometryReaderView.swift */; };
		14E469962D65E6D400B7372F /* RoundedCorner.swift in Sources */ = {isa = PBXBuildFile; fileRef = 14E469952D65E6D400B7372F /* RoundedCorner.swift */; };
		14F741242D66C487007C21AD /* CustomView.swift in Sources */ = {isa = PBXBuildFile; fileRef = 14F741232D66C487007C21AD /* CustomView.swift */; };
		14F741272D66C60A007C21AD /* Resource.swift in Sources */ = {isa = PBXBuildFile; fileRef = 14F741262D66C60A007C21AD /* Resource.swift */; };
		14F7412C2D66DC60007C21AD /* String_ext.swift in Sources */ = {isa = PBXBuildFile; fileRef = 14F7412B2D66DC60007C21AD /* String_ext.swift */; };
		14F741302D670618007C21AD /* ImageGridView.swift in Sources */ = {isa = PBXBuildFile; fileRef = 14F7412F2D670618007C21AD /* ImageGridView.swift */; };
		14F741342D670C7B007C21AD /* ImagePicker.swift in Sources */ = {isa = PBXBuildFile; fileRef = 14F741332D670C7B007C21AD /* ImagePicker.swift */; };
		14F741362D6713E8007C21AD /* ListItemView.swift in Sources */ = {isa = PBXBuildFile; fileRef = 14F741352D6713E8007C21AD /* ListItemView.swift */; };
		14F8E3CD2D7066B900BA15A9 /* WrapDemo.swift in Sources */ = {isa = PBXBuildFile; fileRef = 14F8E3CC2D7066B900BA15A9 /* WrapDemo.swift */; };
		14F8E3CF2D70699C00BA15A9 /* TextFieldDemoPage.swift in Sources */ = {isa = PBXBuildFile; fileRef = 14F8E3CE2D70699C00BA15A9 /* TextFieldDemoPage.swift */; };
		14F8E3D12D706CFA00BA15A9 /* AnimatedSwitchView.swift in Sources */ = {isa = PBXBuildFile; fileRef = 14F8E3D02D706CFA00BA15A9 /* AnimatedSwitchView.swift */; };
		14F8E3D42D714E5600BA15A9 /* WeChatImageViewer.swift in Sources */ = {isa = PBXBuildFile; fileRef = 14F8E3D22D714E5600BA15A9 /* WeChatImageViewer.swift */; };
		14F8E3D52D714E5600BA15A9 /* ImageGalleryDemo.swift in Sources */ = {isa = PBXBuildFile; fileRef = 14F8E3D32D714E5600BA15A9 /* ImageGalleryDemo.swift */; };
		14F8E3D72D7158BD00BA15A9 /* Router.swift in Sources */ = {isa = PBXBuildFile; fileRef = 14F8E3D62D7158BD00BA15A9 /* Router.swift */; };
		14FF9F6A2D6EA519004D0C81 /* PageView.swift in Sources */ = {isa = PBXBuildFile; fileRef = 14FF9F692D6EA519004D0C81 /* PageView.swift */; };
		14FF9F6C2D6EB232004D0C81 /* AssetPicker.swift in Sources */ = {isa = PBXBuildFile; fileRef = 14FF9F6B2D6EB232004D0C81 /* AssetPicker.swift */; };
		14FF9F6E2D6EBF8D004D0C81 /* UTType_ext.swift in Sources */ = {isa = PBXBuildFile; fileRef = 14FF9F6D2D6EBF8D004D0C81 /* UTType_ext.swift */; };
		14FF9F702D6EC868004D0C81 /* PHPickerResult_ext.swift in Sources */ = {isa = PBXBuildFile; fileRef = 14FF9F6F2D6EC868004D0C81 /* PHPickerResult_ext.swift */; };
		14FF9F722D6EE993004D0C81 /* PagerView.swift in Sources */ = {isa = PBXBuildFile; fileRef = 14FF9F712D6EE993004D0C81 /* PagerView.swift */; };
		14FF9F742D6EF14F004D0C81 /* PagerViewDemo.swift in Sources */ = {isa = PBXBuildFile; fileRef = 14FF9F732D6EF14F004D0C81 /* PagerViewDemo.swift */; };
		14FF9FA82D700736004D0C81 /* Wrap.swift in Sources */ = {isa = PBXBuildFile; fileRef = 14FF9FA72D700736004D0C81 /* Wrap.swift */; };
/* End PBXBuildFile section */

/* Begin PBXFileReference section */
		142CB9352A90CCF200CBD9F4 /* SwiftUITemplet.app */ = {isa = PBXFileReference; explicitFileType = wrapper.application; includeInIndex = 0; path = SwiftUITemplet.app; sourceTree = BUILT_PRODUCTS_DIR; };
		142CB9382A90CCF200CBD9F4 /* SwiftUITempletApp.swift */ = {isa = PBXFileReference; lastKnownFileType = sourcecode.swift; path = SwiftUITempletApp.swift; sourceTree = "<group>"; };
		142CB93A2A90CCF200CBD9F4 /* ContentView.swift */ = {isa = PBXFileReference; lastKnownFileType = sourcecode.swift; path = ContentView.swift; sourceTree = "<group>"; };
		142CB93C2A90CCF400CBD9F4 /* Assets.xcassets */ = {isa = PBXFileReference; lastKnownFileType = folder.assetcatalog; path = Assets.xcassets; sourceTree = "<group>"; };
		142CB93F2A90CCF400CBD9F4 /* Preview Assets.xcassets */ = {isa = PBXFileReference; lastKnownFileType = folder.assetcatalog; path = "Preview Assets.xcassets"; sourceTree = "<group>"; };
		142CB9462A90CD1A00CBD9F4 /* AnyUIView.swift */ = {isa = PBXFileReference; lastKnownFileType = sourcecode.swift; path = AnyUIView.swift; sourceTree = "<group>"; };
		142CB9492A90CD6A00CBD9F4 /* SearchBarView.swift */ = {isa = PBXFileReference; lastKnownFileType = sourcecode.swift; path = SearchBarView.swift; sourceTree = "<group>"; };
		144668E72D70413100204772 /* TextDemoPage.swift */ = {isa = PBXFileReference; lastKnownFileType = sourcecode.swift; path = TextDemoPage.swift; sourceTree = "<group>"; };
		144668E92D70424500204772 /* NSectionView.swift */ = {isa = PBXFileReference; lastKnownFileType = sourcecode.swift; path = NSectionView.swift; sourceTree = "<group>"; };
		144668EB2D7049D600204772 /* ButtonDemoPage.swift */ = {isa = PBXFileReference; lastKnownFileType = sourcecode.swift; path = ButtonDemoPage.swift; sourceTree = "<group>"; };
		144668EF2D705E3700204772 /* Date_ext.swift */ = {isa = PBXFileReference; lastKnownFileType = sourcecode.swift; path = Date_ext.swift; sourceTree = "<group>"; };
		144668F32D70621000204772 /* SheetDemoPage.swift */ = {isa = PBXFileReference; lastKnownFileType = sourcecode.swift; path = SheetDemoPage.swift; sourceTree = "<group>"; };
		144668F52D70631800204772 /* TextButon.swift */ = {isa = PBXFileReference; lastKnownFileType = sourcecode.swift; path = TextButon.swift; sourceTree = "<group>"; };
		1477664E2D64737200458842 /* Color_ext.swift */ = {isa = PBXFileReference; lastKnownFileType = sourcecode.swift; path = Color_ext.swift; sourceTree = "<group>"; };
		147766502D6473EA00458842 /* View_ext.swift */ = {isa = PBXFileReference; lastKnownFileType = sourcecode.swift; path = View_ext.swift; sourceTree = "<group>"; };
		147766762D647C4000458842 /* Data.swift */ = {isa = PBXFileReference; fileEncoding = 4; lastKnownFileType = sourcecode.swift; path = Data.swift; sourceTree = "<group>"; };
		147766792D647C4000458842 /* Profile.swift */ = {isa = PBXFileReference; fileEncoding = 4; lastKnownFileType = sourcecode.swift; path = Profile.swift; sourceTree = "<group>"; };
		1477667A2D647C4000458842 /* UserData.swift */ = {isa = PBXFileReference; fileEncoding = 4; lastKnownFileType = sourcecode.swift; path = UserData.swift; sourceTree = "<group>"; };
		147766812D647EA000458842 /* DetailView.swift */ = {isa = PBXFileReference; lastKnownFileType = sourcecode.swift; path = DetailView.swift; sourceTree = "<group>"; };
		147766832D64902500458842 /* log.swift */ = {isa = PBXFileReference; lastKnownFileType = sourcecode.swift; path = log.swift; sourceTree = "<group>"; };
		147766852D64914A00458842 /* TestView.swift */ = {isa = PBXFileReference; lastKnownFileType = sourcecode.swift; path = TestView.swift; sourceTree = "<group>"; };
		147766872D64922900458842 /* TabbarView.swift */ = {isa = PBXFileReference; lastKnownFileType = sourcecode.swift; path = TabbarView.swift; sourceTree = "<group>"; };
		14780A772D6427E000F8C62D /* NavigationContext.swift */ = {isa = PBXFileReference; lastKnownFileType = sourcecode.swift; path = NavigationContext.swift; sourceTree = "<group>"; };
		14780A7A2D642B1900F8C62D /* MyCoordinator.swift */ = {isa = PBXFileReference; lastKnownFileType = sourcecode.swift; path = MyCoordinator.swift; sourceTree = "<group>"; };
		14780A7C2D642D8200F8C62D /* HomeView.swift */ = {isa = PBXFileReference; lastKnownFileType = sourcecode.swift; path = HomeView.swift; sourceTree = "<group>"; };
		14780A7F2D642DA800F8C62D /* FeedView.swift */ = {isa = PBXFileReference; lastKnownFileType = sourcecode.swift; path = FeedView.swift; sourceTree = "<group>"; };
		14780A832D642DE400F8C62D /* UnknowView.swift */ = {isa = PBXFileReference; lastKnownFileType = sourcecode.swift; path = UnknowView.swift; sourceTree = "<group>"; };
		14780A852D6430C100F8C62D /* ProfileView.swift */ = {isa = PBXFileReference; lastKnownFileType = sourcecode.swift; path = ProfileView.swift; sourceTree = "<group>"; };
		14780A882D64419700F8C62D /* Navigator.swift */ = {isa = PBXFileReference; lastKnownFileType = sourcecode.swift; path = Navigator.swift; sourceTree = "<group>"; };
		148B78C02D67351100B767F3 /* BaseView.swift */ = {isa = PBXFileReference; lastKnownFileType = sourcecode.swift; path = BaseView.swift; sourceTree = "<group>"; };
		14A3F2AE2D6DC47100DA08B4 /* DocumentPicker.swift */ = {isa = PBXFileReference; lastKnownFileType = sourcecode.swift; path = DocumentPicker.swift; sourceTree = "<group>"; };
		14A3F2B22D6DCAC900DA08B4 /* Device_ext.swift */ = {isa = PBXFileReference; lastKnownFileType = sourcecode.swift; path = Device_ext.swift; sourceTree = "<group>"; };
		14A3F2B42D6DCBE400DA08B4 /* PermissionManager.swift */ = {isa = PBXFileReference; lastKnownFileType = sourcecode.swift; path = PermissionManager.swift; sourceTree = "<group>"; };
		14A3F2B62D6DCDD700DA08B4 /* UIApplication_ext.swift */ = {isa = PBXFileReference; lastKnownFileType = sourcecode.swift; path = UIApplication_ext.swift; sourceTree = "<group>"; };
		14A3F2B82D6DD2B500DA08B4 /* TextRecognition.swift */ = {isa = PBXFileReference; fileEncoding = 4; lastKnownFileType = sourcecode.swift; path = TextRecognition.swift; sourceTree = "<group>"; };
		14A3F2B92D6DD2B500DA08B4 /* DataScanner.swift */ = {isa = PBXFileReference; fileEncoding = 4; lastKnownFileType = sourcecode.swift; path = DataScanner.swift; sourceTree = "<group>"; };
		14A3F2BA2D6DD2B500DA08B4 /* ScannerView.swift */ = {isa = PBXFileReference; fileEncoding = 4; lastKnownFileType = sourcecode.swift; path = ScannerView.swift; sourceTree = "<group>"; };
		14C825D52D5AF3D700A2A347 /* OCRManager.swift */ = {isa = PBXFileReference; lastKnownFileType = sourcecode.swift; path = OCRManager.swift; sourceTree = "<group>"; };
		14CAB9662D7596C700EC2EEA /* SettingsView.swift */ = {isa = PBXFileReference; lastKnownFileType = sourcecode.swift; path = SettingsView.swift; sourceTree = "<group>"; };
		14D7EBFE2AA963A900B4926A /* MemberLookupDemo.swift */ = {isa = PBXFileReference; fileEncoding = 4; lastKnownFileType = sourcecode.swift; path = MemberLookupDemo.swift; sourceTree = "<group>"; };
		14E469762D6572A900B7372F /* Bridging-Header.h */ = {isa = PBXFileReference; lastKnownFileType = sourcecode.c.h; path = "Bridging-Header.h"; sourceTree = "<group>"; };
		14E469772D65759800B7372F /* RefreshableScrollView.swift */ = {isa = PBXFileReference; lastKnownFileType = sourcecode.swift; path = RefreshableScrollView.swift; sourceTree = "<group>"; };
		14E469792D6577C000B7372F /* Array_ext.swift */ = {isa = PBXFileReference; lastKnownFileType = sourcecode.swift; path = Array_ext.swift; sourceTree = "<group>"; };
		14E4697E2D65931200B7372F /* TableViewExample.swift */ = {isa = PBXFileReference; fileEncoding = 4; lastKnownFileType = sourcecode.swift; path = TableViewExample.swift; sourceTree = "<group>"; };
		14E469802D65AF8F00B7372F /* ComponentView.swift */ = {isa = PBXFileReference; lastKnownFileType = sourcecode.swift; path = ComponentView.swift; sourceTree = "<group>"; };
		14E469822D65C34E00B7372F /* LoginBoxView.swift */ = {isa = PBXFileReference; lastKnownFileType = sourcecode.swift; path = LoginBoxView.swift; sourceTree = "<group>"; };
		14E469862D65C80A00B7372F /* AnimatePageView.swift */ = {isa = PBXFileReference; fileEncoding = 4; lastKnownFileType = sourcecode.swift; path = AnimatePageView.swift; sourceTree = "<group>"; };
		14E469882D65CCD800B7372F /* Geometry_ext.swift */ = {isa = PBXFileReference; lastKnownFileType = sourcecode.swift; path = Geometry_ext.swift; sourceTree = "<group>"; };
		14E4698A2D65CF8E00B7372F /* GestureView.swift */ = {isa = PBXFileReference; lastKnownFileType = sourcecode.swift; path = GestureView.swift; sourceTree = "<group>"; };
		14E4698D2D65D18900B7372F /* NavView.swift */ = {isa = PBXFileReference; lastKnownFileType = sourcecode.swift; path = NavView.swift; sourceTree = "<group>"; };
		14E4698F2D65D44100B7372F /* DynamicContentView.swift */ = {isa = PBXFileReference; lastKnownFileType = sourcecode.swift; path = DynamicContentView.swift; sourceTree = "<group>"; };
		14E469912D65DBC200B7372F /* CustomeModifierView.swift */ = {isa = PBXFileReference; lastKnownFileType = sourcecode.swift; path = CustomeModifierView.swift; sourceTree = "<group>"; };
		14E469932D65E15D00B7372F /* GeometryReaderView.swift */ = {isa = PBXFileReference; lastKnownFileType = sourcecode.swift; path = GeometryReaderView.swift; sourceTree = "<group>"; };
		14E469952D65E6D400B7372F /* RoundedCorner.swift */ = {isa = PBXFileReference; lastKnownFileType = sourcecode.swift; path = RoundedCorner.swift; sourceTree = "<group>"; };
		14F741232D66C487007C21AD /* CustomView.swift */ = {isa = PBXFileReference; lastKnownFileType = sourcecode.swift; path = CustomView.swift; sourceTree = "<group>"; };
		14F741262D66C60A007C21AD /* Resource.swift */ = {isa = PBXFileReference; lastKnownFileType = sourcecode.swift; path = Resource.swift; sourceTree = "<group>"; };
		14F741282D66CFFA007C21AD /* Info.plist */ = {isa = PBXFileReference; lastKnownFileType = text.plist; path = Info.plist; sourceTree = "<group>"; };
		14F7412B2D66DC60007C21AD /* String_ext.swift */ = {isa = PBXFileReference; lastKnownFileType = sourcecode.swift; path = String_ext.swift; sourceTree = "<group>"; };
		14F7412F2D670618007C21AD /* ImageGridView.swift */ = {isa = PBXFileReference; lastKnownFileType = sourcecode.swift; path = ImageGridView.swift; sourceTree = "<group>"; };
		14F741332D670C7B007C21AD /* ImagePicker.swift */ = {isa = PBXFileReference; lastKnownFileType = sourcecode.swift; path = ImagePicker.swift; sourceTree = "<group>"; };
		14F741352D6713E8007C21AD /* ListItemView.swift */ = {isa = PBXFileReference; lastKnownFileType = sourcecode.swift; path = ListItemView.swift; sourceTree = "<group>"; };
		14F8E3CC2D7066B900BA15A9 /* WrapDemo.swift */ = {isa = PBXFileReference; lastKnownFileType = sourcecode.swift; path = WrapDemo.swift; sourceTree = "<group>"; };
		14F8E3CE2D70699C00BA15A9 /* TextFieldDemoPage.swift */ = {isa = PBXFileReference; lastKnownFileType = sourcecode.swift; path = TextFieldDemoPage.swift; sourceTree = "<group>"; };
		14F8E3D02D706CFA00BA15A9 /* AnimatedSwitchView.swift */ = {isa = PBXFileReference; lastKnownFileType = sourcecode.swift; path = AnimatedSwitchView.swift; sourceTree = "<group>"; };
		14F8E3D22D714E5600BA15A9 /* WeChatImageViewer.swift */ = {isa = PBXFileReference; fileEncoding = 4; lastKnownFileType = sourcecode.swift; path = WeChatImageViewer.swift; sourceTree = "<group>"; };
		14F8E3D32D714E5600BA15A9 /* ImageGalleryDemo.swift */ = {isa = PBXFileReference; fileEncoding = 4; lastKnownFileType = sourcecode.swift; path = ImageGalleryDemo.swift; sourceTree = "<group>"; };
		14F8E3D62D7158BD00BA15A9 /* Router.swift */ = {isa = PBXFileReference; fileEncoding = 4; lastKnownFileType = sourcecode.swift; path = Router.swift; sourceTree = "<group>"; };
		14FF9F692D6EA519004D0C81 /* PageView.swift */ = {isa = PBXFileReference; lastKnownFileType = sourcecode.swift; path = PageView.swift; sourceTree = "<group>"; };
		14FF9F6B2D6EB232004D0C81 /* AssetPicker.swift */ = {isa = PBXFileReference; lastKnownFileType = sourcecode.swift; path = AssetPicker.swift; sourceTree = "<group>"; };
		14FF9F6D2D6EBF8D004D0C81 /* UTType_ext.swift */ = {isa = PBXFileReference; lastKnownFileType = sourcecode.swift; path = UTType_ext.swift; sourceTree = "<group>"; };
		14FF9F6F2D6EC868004D0C81 /* PHPickerResult_ext.swift */ = {isa = PBXFileReference; lastKnownFileType = sourcecode.swift; path = PHPickerResult_ext.swift; sourceTree = "<group>"; };
		14FF9F712D6EE993004D0C81 /* PagerView.swift */ = {isa = PBXFileReference; lastKnownFileType = sourcecode.swift; path = PagerView.swift; sourceTree = "<group>"; };
		14FF9F732D6EF14F004D0C81 /* PagerViewDemo.swift */ = {isa = PBXFileReference; lastKnownFileType = sourcecode.swift; path = PagerViewDemo.swift; sourceTree = "<group>"; };
		14FF9FA72D700736004D0C81 /* Wrap.swift */ = {isa = PBXFileReference; lastKnownFileType = sourcecode.swift; path = Wrap.swift; sourceTree = "<group>"; };
/* End PBXFileReference section */

/* Begin PBXFrameworksBuildPhase section */
		142CB9322A90CCF200CBD9F4 /* Frameworks */ = {
			isa = PBXFrameworksBuildPhase;
			buildActionMask = 2147483647;
			files = (
				14E469682D65705700B7372F /* DGCharts in Frameworks */,
				14E469652D656D0E00B7372F /* SwiftUIX in Frameworks */,
				14E4697D2D6592F900B7372F /* BBSwiftUIKit in Frameworks */,
				14E4696D2D6570CF00B7372F /* SwiftDate in Frameworks */,
				14E4695B2D656A2F00B7372F /* SDWebImageSwiftUI in Frameworks */,
				14E469562D65682E00B7372F /* Alamofire in Frameworks */,
				14E469732D65721F00B7372F /* MJRefresh in Frameworks */,
				14E4695E2D656CE600B7372F /* SwiftUIIntrospect in Frameworks */,
				14E469622D656CE600B7372F /* SwiftUIIntrospect-Static in Frameworks */,
			);
			runOnlyForDeploymentPostprocessing = 0;
		};
/* End PBXFrameworksBuildPhase section */

/* Begin PBXGroup section */
		142CB92C2A90CCF200CBD9F4 = {
			isa = PBXGroup;
			children = (
				142CB9372A90CCF200CBD9F4 /* SwiftUITemplet */,
				142CB9362A90CCF200CBD9F4 /* Products */,
			);
			sourceTree = "<group>";
		};
		142CB9362A90CCF200CBD9F4 /* Products */ = {
			isa = PBXGroup;
			children = (
				142CB9352A90CCF200CBD9F4 /* SwiftUITemplet.app */,
			);
			name = Products;
			sourceTree = "<group>";
		};
		142CB9372A90CCF200CBD9F4 /* SwiftUITemplet */ = {
			isa = PBXGroup;
			children = (
				14F741282D66CFFA007C21AD /* Info.plist */,
				14F741252D66C5EA007C21AD /* Resource */,
				1477667B2D647C4000458842 /* Models */,
				1477664D2D64734C00458842 /* extension */,
				14780A7E2D642D9600F8C62D /* page */,
				14780A792D642AF600F8C62D /* Navigation */,
				14D7EBFB2AA95AEF00B4926A /* Other */,
				142CB9482A90CD3B00CBD9F4 /* View */,
				142CB9382A90CCF200CBD9F4 /* SwiftUITempletApp.swift */,
				142CB93A2A90CCF200CBD9F4 /* ContentView.swift */,
				14E469742D65723E00B7372F /* Vender */,
				142CB93C2A90CCF400CBD9F4 /* Assets.xcassets */,
				142CB93E2A90CCF400CBD9F4 /* Preview Content */,
				147766832D64902500458842 /* log.swift */,
				14E469762D6572A900B7372F /* Bridging-Header.h */,
			);
			path = SwiftUITemplet;
			sourceTree = "<group>";
		};
		142CB93E2A90CCF400CBD9F4 /* Preview Content */ = {
			isa = PBXGroup;
			children = (
				142CB93F2A90CCF400CBD9F4 /* Preview Assets.xcassets */,
			);
			path = "Preview Content";
			sourceTree = "<group>";
		};
		142CB9482A90CD3B00CBD9F4 /* View */ = {
			isa = PBXGroup;
			children = (
				14A3F2B92D6DD2B500DA08B4 /* DataScanner.swift */,
				14A3F2BA2D6DD2B500DA08B4 /* ScannerView.swift */,
				14A3F2B82D6DD2B500DA08B4 /* TextRecognition.swift */,
				142CB9462A90CD1A00CBD9F4 /* AnyUIView.swift */,
				142CB9492A90CD6A00CBD9F4 /* SearchBarView.swift */,
				14E469772D65759800B7372F /* RefreshableScrollView.swift */,
				14E469822D65C34E00B7372F /* LoginBoxView.swift */,
				14E469952D65E6D400B7372F /* RoundedCorner.swift */,
				14F7412F2D670618007C21AD /* ImageGridView.swift */,
				14F741332D670C7B007C21AD /* ImagePicker.swift */,
				14F741352D6713E8007C21AD /* ListItemView.swift */,
				148B78C02D67351100B767F3 /* BaseView.swift */,
				14A3F2AE2D6DC47100DA08B4 /* DocumentPicker.swift */,
				14FF9F692D6EA519004D0C81 /* PageView.swift */,
				14FF9F6B2D6EB232004D0C81 /* AssetPicker.swift */,
				14FF9F712D6EE993004D0C81 /* PagerView.swift */,
				14FF9FA72D700736004D0C81 /* Wrap.swift */,
				144668E92D70424500204772 /* NSectionView.swift */,
				144668F52D70631800204772 /* TextButon.swift */,
			);
			path = View;
			sourceTree = "<group>";
		};
		144668E62D7040EF00204772 /* demo */ = {
			isa = PBXGroup;
			children = (
				14F8E3D32D714E5600BA15A9 /* ImageGalleryDemo.swift */,
				14F8E3D22D714E5600BA15A9 /* WeChatImageViewer.swift */,
				14F8E3D02D706CFA00BA15A9 /* AnimatedSwitchView.swift */,
				144668E72D70413100204772 /* TextDemoPage.swift */,
				144668EB2D7049D600204772 /* ButtonDemoPage.swift */,
				144668F32D70621000204772 /* SheetDemoPage.swift */,
				14F8E3CC2D7066B900BA15A9 /* WrapDemo.swift */,
				14F8E3CE2D70699C00BA15A9 /* TextFieldDemoPage.swift */,
			);
			path = demo;
			sourceTree = "<group>";
		};
		1477664D2D64734C00458842 /* extension */ = {
			isa = PBXGroup;
			children = (
				1477664E2D64737200458842 /* Color_ext.swift */,
				147766502D6473EA00458842 /* View_ext.swift */,
				14E469792D6577C000B7372F /* Array_ext.swift */,
				14E469882D65CCD800B7372F /* Geometry_ext.swift */,
				14F7412B2D66DC60007C21AD /* String_ext.swift */,
				14A3F2B22D6DCAC900DA08B4 /* Device_ext.swift */,
				14A3F2B62D6DCDD700DA08B4 /* UIApplication_ext.swift */,
				14FF9F6D2D6EBF8D004D0C81 /* UTType_ext.swift */,
				14FF9F6F2D6EC868004D0C81 /* PHPickerResult_ext.swift */,
				144668EF2D705E3700204772 /* Date_ext.swift */,
			);
			path = extension;
			sourceTree = "<group>";
		};
		1477667B2D647C4000458842 /* Models */ = {
			isa = PBXGroup;
			children = (
				147766762D647C4000458842 /* Data.swift */,
				147766792D647C4000458842 /* Profile.swift */,
				1477667A2D647C4000458842 /* UserData.swift */,
			);
			path = Models;
			sourceTree = "<group>";
		};
		14780A792D642AF600F8C62D /* Navigation */ = {
			isa = PBXGroup;
			children = (
				14F8E3D62D7158BD00BA15A9 /* Router.swift */,
				14780A882D64419700F8C62D /* Navigator.swift */,
				14780A772D6427E000F8C62D /* NavigationContext.swift */,
				14780A7A2D642B1900F8C62D /* MyCoordinator.swift */,
			);
			path = Navigation;
			sourceTree = "<group>";
		};
		14780A7E2D642D9600F8C62D /* page */ = {
			isa = PBXGroup;
			children = (
				144668E62D7040EF00204772 /* demo */,
				14E4698C2D65D10000B7372F /* Official */,
				14E4697E2D65931200B7372F /* TableViewExample.swift */,
				14780A7C2D642D8200F8C62D /* HomeView.swift */,
				14780A7F2D642DA800F8C62D /* FeedView.swift */,
				14780A832D642DE400F8C62D /* UnknowView.swift */,
				14780A852D6430C100F8C62D /* ProfileView.swift */,
				147766812D647EA000458842 /* DetailView.swift */,
				147766852D64914A00458842 /* TestView.swift */,
				147766872D64922900458842 /* TabbarView.swift */,
				14F741232D66C487007C21AD /* CustomView.swift */,
				14FF9F732D6EF14F004D0C81 /* PagerViewDemo.swift */,
				14CAB9662D7596C700EC2EEA /* SettingsView.swift */,
			);
			path = page;
			sourceTree = "<group>";
		};
		14D7EBFB2AA95AEF00B4926A /* Other */ = {
			isa = PBXGroup;
			children = (
				14D7EBFE2AA963A900B4926A /* MemberLookupDemo.swift */,
				14C825D52D5AF3D700A2A347 /* OCRManager.swift */,
				14A3F2B42D6DCBE400DA08B4 /* PermissionManager.swift */,
			);
			path = Other;
			sourceTree = "<group>";
		};
		14E469742D65723E00B7372F /* Vender */ = {
			isa = PBXGroup;
			children = (
			);
			path = Vender;
			sourceTree = "<group>";
		};
		14E4698C2D65D10000B7372F /* Official */ = {
			isa = PBXGroup;
			children = (
				14E469862D65C80A00B7372F /* AnimatePageView.swift */,
				14E469802D65AF8F00B7372F /* ComponentView.swift */,
				14E4698A2D65CF8E00B7372F /* GestureView.swift */,
				14E4698D2D65D18900B7372F /* NavView.swift */,
				14E4698F2D65D44100B7372F /* DynamicContentView.swift */,
				14E469912D65DBC200B7372F /* CustomeModifierView.swift */,
				14E469932D65E15D00B7372F /* GeometryReaderView.swift */,
			);
			path = Official;
			sourceTree = "<group>";
		};
		14F741252D66C5EA007C21AD /* Resource */ = {
			isa = PBXGroup;
			children = (
				14F741262D66C60A007C21AD /* Resource.swift */,
			);
			path = Resource;
			sourceTree = "<group>";
		};
/* End PBXGroup section */

/* Begin PBXNativeTarget section */
		142CB9342A90CCF200CBD9F4 /* SwiftUITemplet */ = {
			isa = PBXNativeTarget;
			buildConfigurationList = 142CB9432A90CCF400CBD9F4 /* Build configuration list for PBXNativeTarget "SwiftUITemplet" */;
			buildPhases = (
				142CB9312A90CCF200CBD9F4 /* Sources */,
				142CB9322A90CCF200CBD9F4 /* Frameworks */,
				142CB9332A90CCF200CBD9F4 /* Resources */,
			);
			buildRules = (
			);
			dependencies = (
			);
			name = SwiftUITemplet;
			packageProductDependencies = (
				14E469552D65682E00B7372F /* Alamofire */,
				14E4695A2D656A2F00B7372F /* SDWebImageSwiftUI */,
				14E4695D2D656CE600B7372F /* SwiftUIIntrospect */,
				14E469612D656CE600B7372F /* SwiftUIIntrospect-Static */,
				14E469642D656D0E00B7372F /* SwiftUIX */,
				14E469672D65705700B7372F /* DGCharts */,
				14E4696C2D6570CF00B7372F /* SwiftDate */,
				14E469722D65721F00B7372F /* MJRefresh */,
				14E4697C2D6592F900B7372F /* BBSwiftUIKit */,
			);
			productName = SwiftUITemplet;
			productReference = 142CB9352A90CCF200CBD9F4 /* SwiftUITemplet.app */;
			productType = "com.apple.product-type.application";
		};
/* End PBXNativeTarget section */

/* Begin PBXProject section */
		142CB92D2A90CCF200CBD9F4 /* Project object */ = {
			isa = PBXProject;
			attributes = {
				BuildIndependentTargetsInParallel = 1;
				LastSwiftUpdateCheck = 1430;
				LastUpgradeCheck = 1430;
				TargetAttributes = {
					142CB9342A90CCF200CBD9F4 = {
						CreatedOnToolsVersion = 14.3;
					};
				};
			};
			buildConfigurationList = 142CB9302A90CCF200CBD9F4 /* Build configuration list for PBXProject "SwiftUITemplet" */;
			compatibilityVersion = "Xcode 14.0";
			developmentRegion = en;
			hasScannedForEncodings = 0;
			knownRegions = (
				en,
				Base,
			);
			mainGroup = 142CB92C2A90CCF200CBD9F4;
			packageReferences = (
				14E469542D65682E00B7372F /* XCRemoteSwiftPackageReference "Alamofire" */,
				14E469592D656A2F00B7372F /* XCRemoteSwiftPackageReference "SDWebImageSwiftUI" */,
				14E4695C2D656CE600B7372F /* XCRemoteSwiftPackageReference "SwiftUI-Introspect" */,
				14E469632D656D0E00B7372F /* XCRemoteSwiftPackageReference "SwiftUIX" */,
				14E469662D65705700B7372F /* XCRemoteSwiftPackageReference "Charts" */,
				14E4696B2D6570CF00B7372F /* XCRemoteSwiftPackageReference "SwiftDate" */,
				14E4696E2D6571B400B7372F /* XCRemoteSwiftPackageReference "ZIPFoundation" */,
				14E469712D65721F00B7372F /* XCRemoteSwiftPackageReference "MJRefresh" */,
				14E4697B2D6592F900B7372F /* XCRemoteSwiftPackageReference "BBSwiftUIKit" */,
			);
			productRefGroup = 142CB9362A90CCF200CBD9F4 /* Products */;
			projectDirPath = "";
			projectRoot = "";
			targets = (
				142CB9342A90CCF200CBD9F4 /* SwiftUITemplet */,
			);
		};
/* End PBXProject section */

/* Begin PBXResourcesBuildPhase section */
		142CB9332A90CCF200CBD9F4 /* Resources */ = {
			isa = PBXResourcesBuildPhase;
			buildActionMask = 2147483647;
			files = (
				142CB9402A90CCF400CBD9F4 /* Preview Assets.xcassets in Resources */,
				142CB93D2A90CCF400CBD9F4 /* Assets.xcassets in Resources */,
			);
			runOnlyForDeploymentPostprocessing = 0;
		};
/* End PBXResourcesBuildPhase section */

/* Begin PBXSourcesBuildPhase section */
		142CB9312A90CCF200CBD9F4 /* Sources */ = {
			isa = PBXSourcesBuildPhase;
			buildActionMask = 2147483647;
			files = (
				144668E82D70413100204772 /* TextDemoPage.swift in Sources */,
				14780A842D642DE400F8C62D /* UnknowView.swift in Sources */,
				14A3F2B32D6DCAC900DA08B4 /* Device_ext.swift in Sources */,
				14780A862D6430C100F8C62D /* ProfileView.swift in Sources */,
				14E469922D65DBC200B7372F /* CustomeModifierView.swift in Sources */,
				147766862D64914A00458842 /* TestView.swift in Sources */,
				14F8E3D42D714E5600BA15A9 /* WeChatImageViewer.swift in Sources */,
				14780A802D642DA800F8C62D /* FeedView.swift in Sources */,
				14E4697F2D65931200B7372F /* TableViewExample.swift in Sources */,
				14F8E3CD2D7066B900BA15A9 /* WrapDemo.swift in Sources */,
				14E469832D65C34E00B7372F /* LoginBoxView.swift in Sources */,
				14780A7D2D642D8200F8C62D /* HomeView.swift in Sources */,
				14E4697A2D6577C000B7372F /* Array_ext.swift in Sources */,
				14F741302D670618007C21AD /* ImageGridView.swift in Sources */,
				14A3F2BC2D6DD2B500DA08B4 /* DataScanner.swift in Sources */,
				14E469942D65E15D00B7372F /* GeometryReaderView.swift in Sources */,
				14F8E3D72D7158BD00BA15A9 /* Router.swift in Sources */,
				147766512D6473EA00458842 /* View_ext.swift in Sources */,
				14A3F2AF2D6DC47100DA08B4 /* DocumentPicker.swift in Sources */,
				14FF9F722D6EE993004D0C81 /* PagerView.swift in Sources */,
				14FF9F702D6EC868004D0C81 /* PHPickerResult_ext.swift in Sources */,
				144668EC2D7049D600204772 /* ButtonDemoPage.swift in Sources */,
				14FF9F6E2D6EBF8D004D0C81 /* UTType_ext.swift in Sources */,
				14FF9FA82D700736004D0C81 /* Wrap.swift in Sources */,
				14780A7B2D642B1900F8C62D /* MyCoordinator.swift in Sources */,
				14A3F2BD2D6DD2B500DA08B4 /* ScannerView.swift in Sources */,
				144668F62D70631800204772 /* TextButon.swift in Sources */,
				14A3F2BB2D6DD2B500DA08B4 /* TextRecognition.swift in Sources */,
				14C825D62D5AF3D700A2A347 /* OCRManager.swift in Sources */,
				14F741362D6713E8007C21AD /* ListItemView.swift in Sources */,
				14780A892D64419700F8C62D /* Navigator.swift in Sources */,
				144668F42D70621000204772 /* SheetDemoPage.swift in Sources */,
				14780A782D6427E000F8C62D /* NavigationContext.swift in Sources */,
				14F741342D670C7B007C21AD /* ImagePicker.swift in Sources */,
				142CB94A2A90CD6A00CBD9F4 /* SearchBarView.swift in Sources */,
				14CAB9672D7596C700EC2EEA /* SettingsView.swift in Sources */,
				14F8E3CF2D70699C00BA15A9 /* TextFieldDemoPage.swift in Sources */,
				14E469902D65D44100B7372F /* DynamicContentView.swift in Sources */,
				14E4698B2D65CF8E00B7372F /* GestureView.swift in Sources */,
				144668EA2D70424500204772 /* NSectionView.swift in Sources */,
				147766802D647C4000458842 /* UserData.swift in Sources */,
				14D7EBFF2AA963A900B4926A /* MemberLookupDemo.swift in Sources */,
				147766822D647EA000458842 /* DetailView.swift in Sources */,
				14F8E3D12D706CFA00BA15A9 /* AnimatedSwitchView.swift in Sources */,
				14F741242D66C487007C21AD /* CustomView.swift in Sources */,
				14E4698E2D65D18900B7372F /* NavView.swift in Sources */,
				14FF9F742D6EF14F004D0C81 /* PagerViewDemo.swift in Sources */,
				14E469782D65759800B7372F /* RefreshableScrollView.swift in Sources */,
				142CB93B2A90CCF200CBD9F4 /* ContentView.swift in Sources */,
				14FF9F6C2D6EB232004D0C81 /* AssetPicker.swift in Sources */,
				142CB9392A90CCF200CBD9F4 /* SwiftUITempletApp.swift in Sources */,
				1477664F2D64737200458842 /* Color_ext.swift in Sources */,
				148B78C12D67351100B767F3 /* BaseView.swift in Sources */,
				14E469892D65CCD800B7372F /* Geometry_ext.swift in Sources */,
				14E469962D65E6D400B7372F /* RoundedCorner.swift in Sources */,
				14F8E3D52D714E5600BA15A9 /* ImageGalleryDemo.swift in Sources */,
				14E469812D65AF8F00B7372F /* ComponentView.swift in Sources */,
				14A3F2B52D6DCBE400DA08B4 /* PermissionManager.swift in Sources */,
				1477667C2D647C4000458842 /* Data.swift in Sources */,
				144668F02D705E3700204772 /* Date_ext.swift in Sources */,
				14FF9F6A2D6EA519004D0C81 /* PageView.swift in Sources */,
				1477667F2D647C4000458842 /* Profile.swift in Sources */,
				14A3F2B72D6DCDD700DA08B4 /* UIApplication_ext.swift in Sources */,
				147766842D64902500458842 /* log.swift in Sources */,
				14E469872D65C80B00B7372F /* AnimatePageView.swift in Sources */,
				142CB9472A90CD1A00CBD9F4 /* AnyUIView.swift in Sources */,
				14F741272D66C60A007C21AD /* Resource.swift in Sources */,
				147766882D64922900458842 /* TabbarView.swift in Sources */,
				14F7412C2D66DC60007C21AD /* String_ext.swift in Sources */,
			);
			runOnlyForDeploymentPostprocessing = 0;
		};
/* End PBXSourcesBuildPhase section */

/* Begin XCBuildConfiguration section */
		142CB9412A90CCF400CBD9F4 /* Debug */ = {
			isa = XCBuildConfiguration;
			buildSettings = {
				ALWAYS_SEARCH_USER_PATHS = NO;
				CLANG_ANALYZER_NONNULL = YES;
				CLANG_ANALYZER_NUMBER_OBJECT_CONVERSION = YES_AGGRESSIVE;
				CLANG_CXX_LANGUAGE_STANDARD = "gnu++20";
				CLANG_ENABLE_MODULES = YES;
				CLANG_ENABLE_OBJC_ARC = YES;
				CLANG_ENABLE_OBJC_WEAK = YES;
				CLANG_WARN_BLOCK_CAPTURE_AUTORELEASING = YES;
				CLANG_WARN_BOOL_CONVERSION = YES;
				CLANG_WARN_COMMA = YES;
				CLANG_WARN_CONSTANT_CONVERSION = YES;
				CLANG_WARN_DEPRECATED_OBJC_IMPLEMENTATIONS = YES;
				CLANG_WARN_DIRECT_OBJC_ISA_USAGE = YES_ERROR;
				CLANG_WARN_DOCUMENTATION_COMMENTS = YES;
				CLANG_WARN_EMPTY_BODY = YES;
				CLANG_WARN_ENUM_CONVERSION = YES;
				CLANG_WARN_INFINITE_RECURSION = YES;
				CLANG_WARN_INT_CONVERSION = YES;
				CLANG_WARN_NON_LITERAL_NULL_CONVERSION = YES;
				CLANG_WARN_OBJC_IMPLICIT_RETAIN_SELF = YES;
				CLANG_WARN_OBJC_LITERAL_CONVERSION = YES;
				CLANG_WARN_OBJC_ROOT_CLASS = YES_ERROR;
				CLANG_WARN_QUOTED_INCLUDE_IN_FRAMEWORK_HEADER = YES;
				CLANG_WARN_RANGE_LOOP_ANALYSIS = YES;
				CLANG_WARN_STRICT_PROTOTYPES = YES;
				CLANG_WARN_SUSPICIOUS_MOVE = YES;
				CLANG_WARN_UNGUARDED_AVAILABILITY = YES_AGGRESSIVE;
				CLANG_WARN_UNREACHABLE_CODE = YES;
				CLANG_WARN__DUPLICATE_METHOD_MATCH = YES;
				COPY_PHASE_STRIP = NO;
				DEBUG_INFORMATION_FORMAT = dwarf;
				ENABLE_STRICT_OBJC_MSGSEND = YES;
				ENABLE_TESTABILITY = YES;
				GCC_C_LANGUAGE_STANDARD = gnu11;
				GCC_DYNAMIC_NO_PIC = NO;
				GCC_NO_COMMON_BLOCKS = YES;
				GCC_OPTIMIZATION_LEVEL = 0;
				GCC_PREPROCESSOR_DEFINITIONS = (
					"DEBUG=1",
					"$(inherited)",
				);
				GCC_WARN_64_TO_32_BIT_CONVERSION = YES;
				GCC_WARN_ABOUT_RETURN_TYPE = YES_ERROR;
				GCC_WARN_UNDECLARED_SELECTOR = YES;
				GCC_WARN_UNINITIALIZED_AUTOS = YES_AGGRESSIVE;
				GCC_WARN_UNUSED_FUNCTION = YES;
				GCC_WARN_UNUSED_VARIABLE = YES;
				IPHONEOS_DEPLOYMENT_TARGET = 16.4;
				MTL_ENABLE_DEBUG_INFO = INCLUDE_SOURCE;
				MTL_FAST_MATH = YES;
				ONLY_ACTIVE_ARCH = YES;
				SDKROOT = iphoneos;
				SWIFT_ACTIVE_COMPILATION_CONDITIONS = DEBUG;
				SWIFT_OBJC_BRIDGING_HEADER = "SwiftUITemplet/Bridging-Header.h";
				SWIFT_OPTIMIZATION_LEVEL = "-Onone";
			};
			name = Debug;
		};
		142CB9422A90CCF400CBD9F4 /* Release */ = {
			isa = XCBuildConfiguration;
			buildSettings = {
				ALWAYS_SEARCH_USER_PATHS = NO;
				CLANG_ANALYZER_NONNULL = YES;
				CLANG_ANALYZER_NUMBER_OBJECT_CONVERSION = YES_AGGRESSIVE;
				CLANG_CXX_LANGUAGE_STANDARD = "gnu++20";
				CLANG_ENABLE_MODULES = YES;
				CLANG_ENABLE_OBJC_ARC = YES;
				CLANG_ENABLE_OBJC_WEAK = YES;
				CLANG_WARN_BLOCK_CAPTURE_AUTORELEASING = YES;
				CLANG_WARN_BOOL_CONVERSION = YES;
				CLANG_WARN_COMMA = YES;
				CLANG_WARN_CONSTANT_CONVERSION = YES;
				CLANG_WARN_DEPRECATED_OBJC_IMPLEMENTATIONS = YES;
				CLANG_WARN_DIRECT_OBJC_ISA_USAGE = YES_ERROR;
				CLANG_WARN_DOCUMENTATION_COMMENTS = YES;
				CLANG_WARN_EMPTY_BODY = YES;
				CLANG_WARN_ENUM_CONVERSION = YES;
				CLANG_WARN_INFINITE_RECURSION = YES;
				CLANG_WARN_INT_CONVERSION = YES;
				CLANG_WARN_NON_LITERAL_NULL_CONVERSION = YES;
				CLANG_WARN_OBJC_IMPLICIT_RETAIN_SELF = YES;
				CLANG_WARN_OBJC_LITERAL_CONVERSION = YES;
				CLANG_WARN_OBJC_ROOT_CLASS = YES_ERROR;
				CLANG_WARN_QUOTED_INCLUDE_IN_FRAMEWORK_HEADER = YES;
				CLANG_WARN_RANGE_LOOP_ANALYSIS = YES;
				CLANG_WARN_STRICT_PROTOTYPES = YES;
				CLANG_WARN_SUSPICIOUS_MOVE = YES;
				CLANG_WARN_UNGUARDED_AVAILABILITY = YES_AGGRESSIVE;
				CLANG_WARN_UNREACHABLE_CODE = YES;
				CLANG_WARN__DUPLICATE_METHOD_MATCH = YES;
				COPY_PHASE_STRIP = NO;
				DEBUG_INFORMATION_FORMAT = "dwarf-with-dsym";
				ENABLE_NS_ASSERTIONS = NO;
				ENABLE_STRICT_OBJC_MSGSEND = YES;
				GCC_C_LANGUAGE_STANDARD = gnu11;
				GCC_NO_COMMON_BLOCKS = YES;
				GCC_WARN_64_TO_32_BIT_CONVERSION = YES;
				GCC_WARN_ABOUT_RETURN_TYPE = YES_ERROR;
				GCC_WARN_UNDECLARED_SELECTOR = YES;
				GCC_WARN_UNINITIALIZED_AUTOS = YES_AGGRESSIVE;
				GCC_WARN_UNUSED_FUNCTION = YES;
				GCC_WARN_UNUSED_VARIABLE = YES;
				IPHONEOS_DEPLOYMENT_TARGET = 16.4;
				MTL_ENABLE_DEBUG_INFO = NO;
				MTL_FAST_MATH = YES;
				SDKROOT = iphoneos;
				SWIFT_COMPILATION_MODE = wholemodule;
				SWIFT_OBJC_BRIDGING_HEADER = "SwiftUITemplet/Bridging-Header.h";
				SWIFT_OPTIMIZATION_LEVEL = "-O";
				VALIDATE_PRODUCT = YES;
			};
			name = Release;
		};
		142CB9442A90CCF400CBD9F4 /* Debug */ = {
			isa = XCBuildConfiguration;
			buildSettings = {
				ASSETCATALOG_COMPILER_APPICON_NAME = AppIcon;
				ASSETCATALOG_COMPILER_GLOBAL_ACCENT_COLOR_NAME = AccentColor;
				CODE_SIGN_IDENTITY = "Apple Development";
				CODE_SIGN_STYLE = Manual;
				CURRENT_PROJECT_VERSION = 1;
				DEVELOPMENT_ASSET_PATHS = "\"SwiftUITemplet/Preview Content\"";
				DEVELOPMENT_TEAM = "";
				ENABLE_PREVIEWS = YES;
				GENERATE_INFOPLIST_FILE = YES;
				INFOPLIST_FILE = SwiftUITemplet/Info.plist;
				INFOPLIST_KEY_UIApplicationSceneManifest_Generation = YES;
				INFOPLIST_KEY_UIApplicationSupportsIndirectInputEvents = YES;
				INFOPLIST_KEY_UISupportedInterfaceOrientations = "UIInterfaceOrientationLandscapeLeft UIInterfaceOrientationLandscapeRight UIInterfaceOrientationPortrait";
				INFOPLIST_KEY_UISupportedInterfaceOrientations_iPad = "UIInterfaceOrientationLandscapeLeft UIInterfaceOrientationLandscapeRight UIInterfaceOrientationPortrait UIInterfaceOrientationPortraitUpsideDown";
				IPHONEOS_DEPLOYMENT_TARGET = 16.0;
				LD_RUNPATH_SEARCH_PATHS = (
					"$(inherited)",
					"@executable_path/Frameworks",
				);
				MARKETING_VERSION = 1.0;
				PRODUCT_BUNDLE_IDENTIFIER = bin.MacTemplet.codeHelper.SwiftUITemplet;
				PRODUCT_NAME = "$(TARGET_NAME)";
				PROVISIONING_PROFILE_SPECIFIER = "";
				SWIFT_EMIT_LOC_STRINGS = YES;
				SWIFT_VERSION = 5.0;
				TARGETED_DEVICE_FAMILY = "1,2";
			};
			name = Debug;
		};
		142CB9452A90CCF400CBD9F4 /* Release */ = {
			isa = XCBuildConfiguration;
			buildSettings = {
				ASSETCATALOG_COMPILER_APPICON_NAME = AppIcon;
				ASSETCATALOG_COMPILER_GLOBAL_ACCENT_COLOR_NAME = AccentColor;
				CODE_SIGN_IDENTITY = "Apple Development";
				CODE_SIGN_STYLE = Manual;
				CURRENT_PROJECT_VERSION = 1;
				DEVELOPMENT_ASSET_PATHS = "\"SwiftUITemplet/Preview Content\"";
				DEVELOPMENT_TEAM = "";
				ENABLE_PREVIEWS = YES;
				GENERATE_INFOPLIST_FILE = YES;
				INFOPLIST_FILE = SwiftUITemplet/Info.plist;
				INFOPLIST_KEY_UIApplicationSceneManifest_Generation = YES;
				INFOPLIST_KEY_UIApplicationSupportsIndirectInputEvents = YES;
				INFOPLIST_KEY_UISupportedInterfaceOrientations = "UIInterfaceOrientationLandscapeLeft UIInterfaceOrientationLandscapeRight UIInterfaceOrientationPortrait";
				INFOPLIST_KEY_UISupportedInterfaceOrientations_iPad = "UIInterfaceOrientationLandscapeLeft UIInterfaceOrientationLandscapeRight UIInterfaceOrientationPortrait UIInterfaceOrientationPortraitUpsideDown";
				IPHONEOS_DEPLOYMENT_TARGET = 16.0;
				LD_RUNPATH_SEARCH_PATHS = (
					"$(inherited)",
					"@executable_path/Frameworks",
				);
				MARKETING_VERSION = 1.0;
				PRODUCT_BUNDLE_IDENTIFIER = bin.MacTemplet.codeHelper.SwiftUITemplet;
				PRODUCT_NAME = "$(TARGET_NAME)";
				PROVISIONING_PROFILE_SPECIFIER = "";
				SWIFT_EMIT_LOC_STRINGS = YES;
				SWIFT_VERSION = 5.0;
				TARGETED_DEVICE_FAMILY = "1,2";
			};
			name = Release;
		};
/* End XCBuildConfiguration section */

/* Begin XCConfigurationList section */
		142CB9302A90CCF200CBD9F4 /* Build configuration list for PBXProject "SwiftUITemplet" */ = {
			isa = XCConfigurationList;
			buildConfigurations = (
				142CB9412A90CCF400CBD9F4 /* Debug */,
				142CB9422A90CCF400CBD9F4 /* Release */,
			);
			defaultConfigurationIsVisible = 0;
			defaultConfigurationName = Release;
		};
		142CB9432A90CCF400CBD9F4 /* Build configuration list for PBXNativeTarget "SwiftUITemplet" */ = {
			isa = XCConfigurationList;
			buildConfigurations = (
				142CB9442A90CCF400CBD9F4 /* Debug */,
				142CB9452A90CCF400CBD9F4 /* Release */,
			);
			defaultConfigurationIsVisible = 0;
			defaultConfigurationName = Release;
		};
/* End XCConfigurationList section */

/* Begin XCRemoteSwiftPackageReference section */
		14E469542D65682E00B7372F /* XCRemoteSwiftPackageReference "Alamofire" */ = {
			isa = XCRemoteSwiftPackageReference;
			repositoryURL = "https://github.com/Alamofire/Alamofire";
			requirement = {
				kind = upToNextMajorVersion;
				minimumVersion = 5.10.2;
			};
		};
		14E469592D656A2F00B7372F /* XCRemoteSwiftPackageReference "SDWebImageSwiftUI" */ = {
			isa = XCRemoteSwiftPackageReference;
			repositoryURL = "https://github.com/SDWebImage/SDWebImageSwiftUI";
			requirement = {
				kind = upToNextMajorVersion;
				minimumVersion = 3.1.3;
			};
		};
		14E4695C2D656CE600B7372F /* XCRemoteSwiftPackageReference "SwiftUI-Introspect" */ = {
			isa = XCRemoteSwiftPackageReference;
			repositoryURL = "https://github.com/siteline/SwiftUI-Introspect";
			requirement = {
				kind = upToNextMajorVersion;
				minimumVersion = 1.3.0;
			};
		};
		14E469632D656D0E00B7372F /* XCRemoteSwiftPackageReference "SwiftUIX" */ = {
			isa = XCRemoteSwiftPackageReference;
			repositoryURL = "https://github.com/SwiftUIX/SwiftUIX";
			requirement = {
				kind = upToNextMajorVersion;
				minimumVersion = 0.2.3;
			};
		};
		14E469662D65705700B7372F /* XCRemoteSwiftPackageReference "Charts" */ = {
			isa = XCRemoteSwiftPackageReference;
			repositoryURL = "https://github.com/ChartsOrg/Charts";
			requirement = {
				kind = upToNextMajorVersion;
				minimumVersion = 5.1.0;
			};
		};
		14E4696B2D6570CF00B7372F /* XCRemoteSwiftPackageReference "SwiftDate" */ = {
			isa = XCRemoteSwiftPackageReference;
			repositoryURL = "https://github.com/malcommac/SwiftDate";
			requirement = {
				kind = upToNextMajorVersion;
				minimumVersion = 7.0.0;
			};
		};
		14E4696E2D6571B400B7372F /* XCRemoteSwiftPackageReference "ZIPFoundation" */ = {
			isa = XCRemoteSwiftPackageReference;
			repositoryURL = "https://github.com/weichsel/ZIPFoundation";
			requirement = {
				kind = upToNextMajorVersion;
				minimumVersion = 0.9.19;
			};
		};
		14E469712D65721F00B7372F /* XCRemoteSwiftPackageReference "MJRefresh" */ = {
			isa = XCRemoteSwiftPackageReference;
			repositoryURL = "https://github.com/CoderMJLee/MJRefresh";
			requirement = {
				kind = upToNextMajorVersion;
				minimumVersion = 3.7.9;
			};
		};
		14E4697B2D6592F900B7372F /* XCRemoteSwiftPackageReference "BBSwiftUIKit" */ = {
			isa = XCRemoteSwiftPackageReference;
			repositoryURL = "https://github.com/Silence-GitHub/BBSwiftUIKit";
			requirement = {
				kind = upToNextMajorVersion;
				minimumVersion = 0.1.0;
			};
		};
/* End XCRemoteSwiftPackageReference section */

/* Begin XCSwiftPackageProductDependency section */
		14E469552D65682E00B7372F /* Alamofire */ = {
			isa = XCSwiftPackageProductDependency;
			package = 14E469542D65682E00B7372F /* XCRemoteSwiftPackageReference "Alamofire" */;
			productName = Alamofire;
		};
		14E4695A2D656A2F00B7372F /* SDWebImageSwiftUI */ = {
			isa = XCSwiftPackageProductDependency;
			package = 14E469592D656A2F00B7372F /* XCRemoteSwiftPackageReference "SDWebImageSwiftUI" */;
			productName = SDWebImageSwiftUI;
		};
		14E4695D2D656CE600B7372F /* SwiftUIIntrospect */ = {
			isa = XCSwiftPackageProductDependency;
			package = 14E4695C2D656CE600B7372F /* XCRemoteSwiftPackageReference "SwiftUI-Introspect" */;
			productName = SwiftUIIntrospect;
		};
		14E469612D656CE600B7372F /* SwiftUIIntrospect-Static */ = {
			isa = XCSwiftPackageProductDependency;
			package = 14E4695C2D656CE600B7372F /* XCRemoteSwiftPackageReference "SwiftUI-Introspect" */;
			productName = "SwiftUIIntrospect-Static";
		};
		14E469642D656D0E00B7372F /* SwiftUIX */ = {
			isa = XCSwiftPackageProductDependency;
			package = 14E469632D656D0E00B7372F /* XCRemoteSwiftPackageReference "SwiftUIX" */;
			productName = SwiftUIX;
		};
		14E469672D65705700B7372F /* DGCharts */ = {
			isa = XCSwiftPackageProductDependency;
			package = 14E469662D65705700B7372F /* XCRemoteSwiftPackageReference "Charts" */;
			productName = DGCharts;
		};
		14E4696C2D6570CF00B7372F /* SwiftDate */ = {
			isa = XCSwiftPackageProductDependency;
			package = 14E4696B2D6570CF00B7372F /* XCRemoteSwiftPackageReference "SwiftDate" */;
			productName = SwiftDate;
		};
		14E469722D65721F00B7372F /* MJRefresh */ = {
			isa = XCSwiftPackageProductDependency;
			package = 14E469712D65721F00B7372F /* XCRemoteSwiftPackageReference "MJRefresh" */;
			productName = MJRefresh;
		};
		14E4697C2D6592F900B7372F /* BBSwiftUIKit */ = {
			isa = XCSwiftPackageProductDependency;
			package = 14E4697B2D6592F900B7372F /* XCRemoteSwiftPackageReference "BBSwiftUIKit" */;
			productName = BBSwiftUIKit;
		};
/* End XCSwiftPackageProductDependency section */
	};
	rootObject = 142CB92D2A90CCF200CBD9F4 /* Project object */;
}
