// !$*UTF8*$!
{
	archiveVersion = 1;
	classes = {
	};
	objectVersion = 56;
	objects = {

/* Begin PBXBuildFile section */
		142CB9392A90CCF200CBD9F4 /* SwiftUITempletApp.swift in Sources */ = {isa = PBXBuildFile; fileRef = 142CB9382A90CCF200CBD9F4 /* SwiftUITempletApp.swift */; };
		142CB93B2A90CCF200CBD9F4 /* ContentView.swift in Sources */ = {isa = PBXBuildFile; fileRef = 142CB93A2A90CCF200CBD9F4 /* ContentView.swift */; };
		142CB93D2A90CCF400CBD9F4 /* Assets.xcassets in Resources */ = {isa = PBXBuildFile; fileRef = 142CB93C2A90CCF400CBD9F4 /* Assets.xcassets */; };
		142CB9402A90CCF400CBD9F4 /* Preview Assets.xcassets in Resources */ = {isa = PBXBuildFile; fileRef = 142CB93F2A90CCF400CBD9F4 /* Preview Assets.xcassets */; };
		142CB9472A90CD1A00CBD9F4 /* AnyUIView.swift in Sources */ = {isa = PBXBuildFile; fileRef = 142CB9462A90CD1A00CBD9F4 /* AnyUIView.swift */; };
		142CB94A2A90CD6A00CBD9F4 /* SearchBarView.swift in Sources */ = {isa = PBXBuildFile; fileRef = 142CB9492A90CD6A00CBD9F4 /* SearchBarView.swift */; };
		1477664F2D64737200458842 /* color_ext.swift in Sources */ = {isa = PBXBuildFile; fileRef = 1477664E2D64737200458842 /* color_ext.swift */; };
		147766512D6473EA00458842 /* view_ext.swift in Sources */ = {isa = PBXBuildFile; fileRef = 147766502D6473EA00458842 /* view_ext.swift */; };
		1477667C2D647C4000458842 /* Data.swift in Sources */ = {isa = PBXBuildFile; fileRef = 147766762D647C4000458842 /* Data.swift */; };
		1477667F2D647C4000458842 /* Profile.swift in Sources */ = {isa = PBXBuildFile; fileRef = 147766792D647C4000458842 /* Profile.swift */; };
		147766802D647C4000458842 /* UserData.swift in Sources */ = {isa = PBXBuildFile; fileRef = 1477667A2D647C4000458842 /* UserData.swift */; };
		147766822D647EA000458842 /* DetailView.swift in Sources */ = {isa = PBXBuildFile; fileRef = 147766812D647EA000458842 /* DetailView.swift */; };
		147766842D64902500458842 /* log.swift in Sources */ = {isa = PBXBuildFile; fileRef = 147766832D64902500458842 /* log.swift */; };
		14780A782D6427E000F8C62D /* NavigationContext.swift in Sources */ = {isa = PBXBuildFile; fileRef = 14780A772D6427E000F8C62D /* NavigationContext.swift */; };
		14780A7B2D642B1900F8C62D /* MyCoordinator.swift in Sources */ = {isa = PBXBuildFile; fileRef = 14780A7A2D642B1900F8C62D /* MyCoordinator.swift */; };
		14780A7D2D642D8200F8C62D /* HomeView.swift in Sources */ = {isa = PBXBuildFile; fileRef = 14780A7C2D642D8200F8C62D /* HomeView.swift */; };
		14780A802D642DA800F8C62D /* FeedView.swift in Sources */ = {isa = PBXBuildFile; fileRef = 14780A7F2D642DA800F8C62D /* FeedView.swift */; };
		14780A822D642DB600F8C62D /* MineView.swift in Sources */ = {isa = PBXBuildFile; fileRef = 14780A812D642DB600F8C62D /* MineView.swift */; };
		14780A842D642DE400F8C62D /* UnknowView.swift in Sources */ = {isa = PBXBuildFile; fileRef = 14780A832D642DE400F8C62D /* UnknowView.swift */; };
		14780A862D6430C100F8C62D /* ProfileView.swift in Sources */ = {isa = PBXBuildFile; fileRef = 14780A852D6430C100F8C62D /* ProfileView.swift */; };
		14780A892D64419700F8C62D /* Navigator.swift in Sources */ = {isa = PBXBuildFile; fileRef = 14780A882D64419700F8C62D /* Navigator.swift */; };
		14C825D62D5AF3D700A2A347 /* OCRManager.swift in Sources */ = {isa = PBXBuildFile; fileRef = 14C825D52D5AF3D700A2A347 /* OCRManager.swift */; };
		14D7EBFF2AA963A900B4926A /* MemberLookupDemo.swift in Sources */ = {isa = PBXBuildFile; fileRef = 14D7EBFE2AA963A900B4926A /* MemberLookupDemo.swift */; };
/* End PBXBuildFile section */

/* Begin PBXFileReference section */
		142CB9352A90CCF200CBD9F4 /* SwiftUITemplet.app */ = {isa = PBXFileReference; explicitFileType = wrapper.application; includeInIndex = 0; path = SwiftUITemplet.app; sourceTree = BUILT_PRODUCTS_DIR; };
		142CB9382A90CCF200CBD9F4 /* SwiftUITempletApp.swift */ = {isa = PBXFileReference; lastKnownFileType = sourcecode.swift; path = SwiftUITempletApp.swift; sourceTree = "<group>"; };
		142CB93A2A90CCF200CBD9F4 /* ContentView.swift */ = {isa = PBXFileReference; lastKnownFileType = sourcecode.swift; path = ContentView.swift; sourceTree = "<group>"; };
		142CB93C2A90CCF400CBD9F4 /* Assets.xcassets */ = {isa = PBXFileReference; lastKnownFileType = folder.assetcatalog; path = Assets.xcassets; sourceTree = "<group>"; };
		142CB93F2A90CCF400CBD9F4 /* Preview Assets.xcassets */ = {isa = PBXFileReference; lastKnownFileType = folder.assetcatalog; path = "Preview Assets.xcassets"; sourceTree = "<group>"; };
		142CB9462A90CD1A00CBD9F4 /* AnyUIView.swift */ = {isa = PBXFileReference; lastKnownFileType = sourcecode.swift; path = AnyUIView.swift; sourceTree = "<group>"; };
		142CB9492A90CD6A00CBD9F4 /* SearchBarView.swift */ = {isa = PBXFileReference; lastKnownFileType = sourcecode.swift; path = SearchBarView.swift; sourceTree = "<group>"; };
		1477664E2D64737200458842 /* color_ext.swift */ = {isa = PBXFileReference; lastKnownFileType = sourcecode.swift; path = color_ext.swift; sourceTree = "<group>"; };
		147766502D6473EA00458842 /* view_ext.swift */ = {isa = PBXFileReference; lastKnownFileType = sourcecode.swift; path = view_ext.swift; sourceTree = "<group>"; };
		147766762D647C4000458842 /* Data.swift */ = {isa = PBXFileReference; fileEncoding = 4; lastKnownFileType = sourcecode.swift; path = Data.swift; sourceTree = "<group>"; };
		147766792D647C4000458842 /* Profile.swift */ = {isa = PBXFileReference; fileEncoding = 4; lastKnownFileType = sourcecode.swift; path = Profile.swift; sourceTree = "<group>"; };
		1477667A2D647C4000458842 /* UserData.swift */ = {isa = PBXFileReference; fileEncoding = 4; lastKnownFileType = sourcecode.swift; path = UserData.swift; sourceTree = "<group>"; };
		147766812D647EA000458842 /* DetailView.swift */ = {isa = PBXFileReference; lastKnownFileType = sourcecode.swift; path = DetailView.swift; sourceTree = "<group>"; };
		147766832D64902500458842 /* log.swift */ = {isa = PBXFileReference; lastKnownFileType = sourcecode.swift; path = log.swift; sourceTree = "<group>"; };
		14780A772D6427E000F8C62D /* NavigationContext.swift */ = {isa = PBXFileReference; lastKnownFileType = sourcecode.swift; path = NavigationContext.swift; sourceTree = "<group>"; };
		14780A7A2D642B1900F8C62D /* MyCoordinator.swift */ = {isa = PBXFileReference; lastKnownFileType = sourcecode.swift; path = MyCoordinator.swift; sourceTree = "<group>"; };
		14780A7C2D642D8200F8C62D /* HomeView.swift */ = {isa = PBXFileReference; lastKnownFileType = sourcecode.swift; path = HomeView.swift; sourceTree = "<group>"; };
		14780A7F2D642DA800F8C62D /* FeedView.swift */ = {isa = PBXFileReference; lastKnownFileType = sourcecode.swift; path = FeedView.swift; sourceTree = "<group>"; };
		14780A812D642DB600F8C62D /* MineView.swift */ = {isa = PBXFileReference; lastKnownFileType = sourcecode.swift; path = MineView.swift; sourceTree = "<group>"; };
		14780A832D642DE400F8C62D /* UnknowView.swift */ = {isa = PBXFileReference; lastKnownFileType = sourcecode.swift; path = UnknowView.swift; sourceTree = "<group>"; };
		14780A852D6430C100F8C62D /* ProfileView.swift */ = {isa = PBXFileReference; lastKnownFileType = sourcecode.swift; path = ProfileView.swift; sourceTree = "<group>"; };
		14780A882D64419700F8C62D /* Navigator.swift */ = {isa = PBXFileReference; lastKnownFileType = sourcecode.swift; path = Navigator.swift; sourceTree = "<group>"; };
		14C825D52D5AF3D700A2A347 /* OCRManager.swift */ = {isa = PBXFileReference; lastKnownFileType = sourcecode.swift; path = OCRManager.swift; sourceTree = "<group>"; };
		14D7EBFE2AA963A900B4926A /* MemberLookupDemo.swift */ = {isa = PBXFileReference; fileEncoding = 4; lastKnownFileType = sourcecode.swift; path = MemberLookupDemo.swift; sourceTree = "<group>"; };
/* End PBXFileReference section */

/* Begin PBXFrameworksBuildPhase section */
		142CB9322A90CCF200CBD9F4 /* Frameworks */ = {
			isa = PBXFrameworksBuildPhase;
			buildActionMask = 2147483647;
			files = (
			);
			runOnlyForDeploymentPostprocessing = 0;
		};
/* End PBXFrameworksBuildPhase section */

/* Begin PBXGroup section */
		142CB92C2A90CCF200CBD9F4 = {
			isa = PBXGroup;
			children = (
				142CB9372A90CCF200CBD9F4 /* SwiftUITemplet */,
				142CB9362A90CCF200CBD9F4 /* Products */,
			);
			sourceTree = "<group>";
		};
		142CB9362A90CCF200CBD9F4 /* Products */ = {
			isa = PBXGroup;
			children = (
				142CB9352A90CCF200CBD9F4 /* SwiftUITemplet.app */,
			);
			name = Products;
			sourceTree = "<group>";
		};
		142CB9372A90CCF200CBD9F4 /* SwiftUITemplet */ = {
			isa = PBXGroup;
			children = (
				1477667B2D647C4000458842 /* Models */,
				1477664D2D64734C00458842 /* extension */,
				14780A7E2D642D9600F8C62D /* page */,
				14780A792D642AF600F8C62D /* Navigation */,
				14D7EBFB2AA95AEF00B4926A /* Other */,
				142CB9482A90CD3B00CBD9F4 /* View */,
				142CB9382A90CCF200CBD9F4 /* SwiftUITempletApp.swift */,
				142CB93A2A90CCF200CBD9F4 /* ContentView.swift */,
				142CB93C2A90CCF400CBD9F4 /* Assets.xcassets */,
				142CB93E2A90CCF400CBD9F4 /* Preview Content */,
				147766832D64902500458842 /* log.swift */,
			);
			path = SwiftUITemplet;
			sourceTree = "<group>";
		};
		142CB93E2A90CCF400CBD9F4 /* Preview Content */ = {
			isa = PBXGroup;
			children = (
				142CB93F2A90CCF400CBD9F4 /* Preview Assets.xcassets */,
			);
			path = "Preview Content";
			sourceTree = "<group>";
		};
		142CB9482A90CD3B00CBD9F4 /* View */ = {
			isa = PBXGroup;
			children = (
				142CB9462A90CD1A00CBD9F4 /* AnyUIView.swift */,
				142CB9492A90CD6A00CBD9F4 /* SearchBarView.swift */,
			);
			path = View;
			sourceTree = "<group>";
		};
		1477664D2D64734C00458842 /* extension */ = {
			isa = PBXGroup;
			children = (
				1477664E2D64737200458842 /* color_ext.swift */,
				147766502D6473EA00458842 /* view_ext.swift */,
			);
			path = extension;
			sourceTree = "<group>";
		};
		1477667B2D647C4000458842 /* Models */ = {
			isa = PBXGroup;
			children = (
				147766762D647C4000458842 /* Data.swift */,
				147766792D647C4000458842 /* Profile.swift */,
				1477667A2D647C4000458842 /* UserData.swift */,
			);
			path = Models;
			sourceTree = "<group>";
		};
		14780A792D642AF600F8C62D /* Navigation */ = {
			isa = PBXGroup;
			children = (
				14780A882D64419700F8C62D /* Navigator.swift */,
				14780A772D6427E000F8C62D /* NavigationContext.swift */,
				14780A7A2D642B1900F8C62D /* MyCoordinator.swift */,
			);
			path = Navigation;
			sourceTree = "<group>";
		};
		14780A7E2D642D9600F8C62D /* page */ = {
			isa = PBXGroup;
			children = (
				14780A7C2D642D8200F8C62D /* HomeView.swift */,
				14780A7F2D642DA800F8C62D /* FeedView.swift */,
				14780A812D642DB600F8C62D /* MineView.swift */,
				14780A832D642DE400F8C62D /* UnknowView.swift */,
				14780A852D6430C100F8C62D /* ProfileView.swift */,
				147766812D647EA000458842 /* DetailView.swift */,
			);
			path = page;
			sourceTree = "<group>";
		};
		14D7EBFB2AA95AEF00B4926A /* Other */ = {
			isa = PBXGroup;
			children = (
				14D7EBFE2AA963A900B4926A /* MemberLookupDemo.swift */,
				14C825D52D5AF3D700A2A347 /* OCRManager.swift */,
			);
			path = Other;
			sourceTree = "<group>";
		};
/* End PBXGroup section */

/* Begin PBXNativeTarget section */
		142CB9342A90CCF200CBD9F4 /* SwiftUITemplet */ = {
			isa = PBXNativeTarget;
			buildConfigurationList = 142CB9432A90CCF400CBD9F4 /* Build configuration list for PBXNativeTarget "SwiftUITemplet" */;
			buildPhases = (
				142CB9312A90CCF200CBD9F4 /* Sources */,
				142CB9322A90CCF200CBD9F4 /* Frameworks */,
				142CB9332A90CCF200CBD9F4 /* Resources */,
			);
			buildRules = (
			);
			dependencies = (
			);
			name = SwiftUITemplet;
			productName = SwiftUITemplet;
			productReference = 142CB9352A90CCF200CBD9F4 /* SwiftUITemplet.app */;
			productType = "com.apple.product-type.application";
		};
/* End PBXNativeTarget section */

/* Begin PBXProject section */
		142CB92D2A90CCF200CBD9F4 /* Project object */ = {
			isa = PBXProject;
			attributes = {
				BuildIndependentTargetsInParallel = 1;
				LastSwiftUpdateCheck = 1430;
				LastUpgradeCheck = 1430;
				TargetAttributes = {
					142CB9342A90CCF200CBD9F4 = {
						CreatedOnToolsVersion = 14.3;
					};
				};
			};
			buildConfigurationList = 142CB9302A90CCF200CBD9F4 /* Build configuration list for PBXProject "SwiftUITemplet" */;
			compatibilityVersion = "Xcode 14.0";
			developmentRegion = en;
			hasScannedForEncodings = 0;
			knownRegions = (
				en,
				Base,
			);
			mainGroup = 142CB92C2A90CCF200CBD9F4;
			productRefGroup = 142CB9362A90CCF200CBD9F4 /* Products */;
			projectDirPath = "";
			projectRoot = "";
			targets = (
				142CB9342A90CCF200CBD9F4 /* SwiftUITemplet */,
			);
		};
/* End PBXProject section */

/* Begin PBXResourcesBuildPhase section */
		142CB9332A90CCF200CBD9F4 /* Resources */ = {
			isa = PBXResourcesBuildPhase;
			buildActionMask = 2147483647;
			files = (
				142CB9402A90CCF400CBD9F4 /* Preview Assets.xcassets in Resources */,
				142CB93D2A90CCF400CBD9F4 /* Assets.xcassets in Resources */,
			);
			runOnlyForDeploymentPostprocessing = 0;
		};
/* End PBXResourcesBuildPhase section */

/* Begin PBXSourcesBuildPhase section */
		142CB9312A90CCF200CBD9F4 /* Sources */ = {
			isa = PBXSourcesBuildPhase;
			buildActionMask = 2147483647;
			files = (
				14780A842D642DE400F8C62D /* UnknowView.swift in Sources */,
				14780A862D6430C100F8C62D /* ProfileView.swift in Sources */,
				14780A802D642DA800F8C62D /* FeedView.swift in Sources */,
				14780A7D2D642D8200F8C62D /* HomeView.swift in Sources */,
				147766512D6473EA00458842 /* view_ext.swift in Sources */,
				14780A7B2D642B1900F8C62D /* MyCoordinator.swift in Sources */,
				14780A822D642DB600F8C62D /* MineView.swift in Sources */,
				14C825D62D5AF3D700A2A347 /* OCRManager.swift in Sources */,
				14780A892D64419700F8C62D /* Navigator.swift in Sources */,
				14780A782D6427E000F8C62D /* NavigationContext.swift in Sources */,
				142CB94A2A90CD6A00CBD9F4 /* SearchBarView.swift in Sources */,
				147766802D647C4000458842 /* UserData.swift in Sources */,
				14D7EBFF2AA963A900B4926A /* MemberLookupDemo.swift in Sources */,
				147766822D647EA000458842 /* DetailView.swift in Sources */,
				142CB93B2A90CCF200CBD9F4 /* ContentView.swift in Sources */,
				142CB9392A90CCF200CBD9F4 /* SwiftUITempletApp.swift in Sources */,
				1477664F2D64737200458842 /* color_ext.swift in Sources */,
				1477667C2D647C4000458842 /* Data.swift in Sources */,
				1477667F2D647C4000458842 /* Profile.swift in Sources */,
				147766842D64902500458842 /* log.swift in Sources */,
				142CB9472A90CD1A00CBD9F4 /* AnyUIView.swift in Sources */,
			);
			runOnlyForDeploymentPostprocessing = 0;
		};
/* End PBXSourcesBuildPhase section */

/* Begin XCBuildConfiguration section */
		142CB9412A90CCF400CBD9F4 /* Debug */ = {
			isa = XCBuildConfiguration;
			buildSettings = {
				ALWAYS_SEARCH_USER_PATHS = NO;
				CLANG_ANALYZER_NONNULL = YES;
				CLANG_ANALYZER_NUMBER_OBJECT_CONVERSION = YES_AGGRESSIVE;
				CLANG_CXX_LANGUAGE_STANDARD = "gnu++20";
				CLANG_ENABLE_MODULES = YES;
				CLANG_ENABLE_OBJC_ARC = YES;
				CLANG_ENABLE_OBJC_WEAK = YES;
				CLANG_WARN_BLOCK_CAPTURE_AUTORELEASING = YES;
				CLANG_WARN_BOOL_CONVERSION = YES;
				CLANG_WARN_COMMA = YES;
				CLANG_WARN_CONSTANT_CONVERSION = YES;
				CLANG_WARN_DEPRECATED_OBJC_IMPLEMENTATIONS = YES;
				CLANG_WARN_DIRECT_OBJC_ISA_USAGE = YES_ERROR;
				CLANG_WARN_DOCUMENTATION_COMMENTS = YES;
				CLANG_WARN_EMPTY_BODY = YES;
				CLANG_WARN_ENUM_CONVERSION = YES;
				CLANG_WARN_INFINITE_RECURSION = YES;
				CLANG_WARN_INT_CONVERSION = YES;
				CLANG_WARN_NON_LITERAL_NULL_CONVERSION = YES;
				CLANG_WARN_OBJC_IMPLICIT_RETAIN_SELF = YES;
				CLANG_WARN_OBJC_LITERAL_CONVERSION = YES;
				CLANG_WARN_OBJC_ROOT_CLASS = YES_ERROR;
				CLANG_WARN_QUOTED_INCLUDE_IN_FRAMEWORK_HEADER = YES;
				CLANG_WARN_RANGE_LOOP_ANALYSIS = YES;
				CLANG_WARN_STRICT_PROTOTYPES = YES;
				CLANG_WARN_SUSPICIOUS_MOVE = YES;
				CLANG_WARN_UNGUARDED_AVAILABILITY = YES_AGGRESSIVE;
				CLANG_WARN_UNREACHABLE_CODE = YES;
				CLANG_WARN__DUPLICATE_METHOD_MATCH = YES;
				COPY_PHASE_STRIP = NO;
				DEBUG_INFORMATION_FORMAT = dwarf;
				ENABLE_STRICT_OBJC_MSGSEND = YES;
				ENABLE_TESTABILITY = YES;
				GCC_C_LANGUAGE_STANDARD = gnu11;
				GCC_DYNAMIC_NO_PIC = NO;
				GCC_NO_COMMON_BLOCKS = YES;
				GCC_OPTIMIZATION_LEVEL = 0;
				GCC_PREPROCESSOR_DEFINITIONS = (
					"DEBUG=1",
					"$(inherited)",
				);
				GCC_WARN_64_TO_32_BIT_CONVERSION = YES;
				GCC_WARN_ABOUT_RETURN_TYPE = YES_ERROR;
				GCC_WARN_UNDECLARED_SELECTOR = YES;
				GCC_WARN_UNINITIALIZED_AUTOS = YES_AGGRESSIVE;
				GCC_WARN_UNUSED_FUNCTION = YES;
				GCC_WARN_UNUSED_VARIABLE = YES;
				IPHONEOS_DEPLOYMENT_TARGET = 16.4;
				MTL_ENABLE_DEBUG_INFO = INCLUDE_SOURCE;
				MTL_FAST_MATH = YES;
				ONLY_ACTIVE_ARCH = YES;
				SDKROOT = iphoneos;
				SWIFT_ACTIVE_COMPILATION_CONDITIONS = DEBUG;
				SWIFT_OPTIMIZATION_LEVEL = "-Onone";
			};
			name = Debug;
		};
		142CB9422A90CCF400CBD9F4 /* Release */ = {
			isa = XCBuildConfiguration;
			buildSettings = {
				ALWAYS_SEARCH_USER_PATHS = NO;
				CLANG_ANALYZER_NONNULL = YES;
				CLANG_ANALYZER_NUMBER_OBJECT_CONVERSION = YES_AGGRESSIVE;
				CLANG_CXX_LANGUAGE_STANDARD = "gnu++20";
				CLANG_ENABLE_MODULES = YES;
				CLANG_ENABLE_OBJC_ARC = YES;
				CLANG_ENABLE_OBJC_WEAK = YES;
				CLANG_WARN_BLOCK_CAPTURE_AUTORELEASING = YES;
				CLANG_WARN_BOOL_CONVERSION = YES;
				CLANG_WARN_COMMA = YES;
				CLANG_WARN_CONSTANT_CONVERSION = YES;
				CLANG_WARN_DEPRECATED_OBJC_IMPLEMENTATIONS = YES;
				CLANG_WARN_DIRECT_OBJC_ISA_USAGE = YES_ERROR;
				CLANG_WARN_DOCUMENTATION_COMMENTS = YES;
				CLANG_WARN_EMPTY_BODY = YES;
				CLANG_WARN_ENUM_CONVERSION = YES;
				CLANG_WARN_INFINITE_RECURSION = YES;
				CLANG_WARN_INT_CONVERSION = YES;
				CLANG_WARN_NON_LITERAL_NULL_CONVERSION = YES;
				CLANG_WARN_OBJC_IMPLICIT_RETAIN_SELF = YES;
				CLANG_WARN_OBJC_LITERAL_CONVERSION = YES;
				CLANG_WARN_OBJC_ROOT_CLASS = YES_ERROR;
				CLANG_WARN_QUOTED_INCLUDE_IN_FRAMEWORK_HEADER = YES;
				CLANG_WARN_RANGE_LOOP_ANALYSIS = YES;
				CLANG_WARN_STRICT_PROTOTYPES = YES;
				CLANG_WARN_SUSPICIOUS_MOVE = YES;
				CLANG_WARN_UNGUARDED_AVAILABILITY = YES_AGGRESSIVE;
				CLANG_WARN_UNREACHABLE_CODE = YES;
				CLANG_WARN__DUPLICATE_METHOD_MATCH = YES;
				COPY_PHASE_STRIP = NO;
				DEBUG_INFORMATION_FORMAT = "dwarf-with-dsym";
				ENABLE_NS_ASSERTIONS = NO;
				ENABLE_STRICT_OBJC_MSGSEND = YES;
				GCC_C_LANGUAGE_STANDARD = gnu11;
				GCC_NO_COMMON_BLOCKS = YES;
				GCC_WARN_64_TO_32_BIT_CONVERSION = YES;
				GCC_WARN_ABOUT_RETURN_TYPE = YES_ERROR;
				GCC_WARN_UNDECLARED_SELECTOR = YES;
				GCC_WARN_UNINITIALIZED_AUTOS = YES_AGGRESSIVE;
				GCC_WARN_UNUSED_FUNCTION = YES;
				GCC_WARN_UNUSED_VARIABLE = YES;
				IPHONEOS_DEPLOYMENT_TARGET = 16.4;
				MTL_ENABLE_DEBUG_INFO = NO;
				MTL_FAST_MATH = YES;
				SDKROOT = iphoneos;
				SWIFT_COMPILATION_MODE = wholemodule;
				SWIFT_OPTIMIZATION_LEVEL = "-O";
				VALIDATE_PRODUCT = YES;
			};
			name = Release;
		};
		142CB9442A90CCF400CBD9F4 /* Debug */ = {
			isa = XCBuildConfiguration;
			buildSettings = {
				ASSETCATALOG_COMPILER_APPICON_NAME = AppIcon;
				ASSETCATALOG_COMPILER_GLOBAL_ACCENT_COLOR_NAME = AccentColor;
				CODE_SIGN_IDENTITY = "Apple Development";
				CODE_SIGN_STYLE = Manual;
				CURRENT_PROJECT_VERSION = 1;
				DEVELOPMENT_ASSET_PATHS = "\"SwiftUITemplet/Preview Content\"";
				DEVELOPMENT_TEAM = "";
				ENABLE_PREVIEWS = YES;
				GENERATE_INFOPLIST_FILE = YES;
				INFOPLIST_KEY_UIApplicationSceneManifest_Generation = YES;
				INFOPLIST_KEY_UIApplicationSupportsIndirectInputEvents = YES;
				INFOPLIST_KEY_UILaunchScreen_Generation = YES;
				INFOPLIST_KEY_UISupportedInterfaceOrientations_iPad = "UIInterfaceOrientationPortrait UIInterfaceOrientationPortraitUpsideDown UIInterfaceOrientationLandscapeLeft UIInterfaceOrientationLandscapeRight";
				INFOPLIST_KEY_UISupportedInterfaceOrientations_iPhone = "UIInterfaceOrientationPortrait UIInterfaceOrientationLandscapeLeft UIInterfaceOrientationLandscapeRight";
				IPHONEOS_DEPLOYMENT_TARGET = 16.0;
				LD_RUNPATH_SEARCH_PATHS = (
					"$(inherited)",
					"@executable_path/Frameworks",
				);
				MARKETING_VERSION = 1.0;
				PRODUCT_BUNDLE_IDENTIFIER = bin.MacTemplet.codeHelper.SwiftUITemplet;
				PRODUCT_NAME = "$(TARGET_NAME)";
				PROVISIONING_PROFILE_SPECIFIER = "";
				SWIFT_EMIT_LOC_STRINGS = YES;
				SWIFT_VERSION = 5.0;
				TARGETED_DEVICE_FAMILY = "1,2";
			};
			name = Debug;
		};
		142CB9452A90CCF400CBD9F4 /* Release */ = {
			isa = XCBuildConfiguration;
			buildSettings = {
				ASSETCATALOG_COMPILER_APPICON_NAME = AppIcon;
				ASSETCATALOG_COMPILER_GLOBAL_ACCENT_COLOR_NAME = AccentColor;
				CODE_SIGN_IDENTITY = "Apple Development";
				CODE_SIGN_STYLE = Manual;
				CURRENT_PROJECT_VERSION = 1;
				DEVELOPMENT_ASSET_PATHS = "\"SwiftUITemplet/Preview Content\"";
				DEVELOPMENT_TEAM = "";
				ENABLE_PREVIEWS = YES;
				GENERATE_INFOPLIST_FILE = YES;
				INFOPLIST_KEY_UIApplicationSceneManifest_Generation = YES;
				INFOPLIST_KEY_UIApplicationSupportsIndirectInputEvents = YES;
				INFOPLIST_KEY_UILaunchScreen_Generation = YES;
				INFOPLIST_KEY_UISupportedInterfaceOrientations_iPad = "UIInterfaceOrientationPortrait UIInterfaceOrientationPortraitUpsideDown UIInterfaceOrientationLandscapeLeft UIInterfaceOrientationLandscapeRight";
				INFOPLIST_KEY_UISupportedInterfaceOrientations_iPhone = "UIInterfaceOrientationPortrait UIInterfaceOrientationLandscapeLeft UIInterfaceOrientationLandscapeRight";
				IPHONEOS_DEPLOYMENT_TARGET = 16.0;
				LD_RUNPATH_SEARCH_PATHS = (
					"$(inherited)",
					"@executable_path/Frameworks",
				);
				MARKETING_VERSION = 1.0;
				PRODUCT_BUNDLE_IDENTIFIER = bin.MacTemplet.codeHelper.SwiftUITemplet;
				PRODUCT_NAME = "$(TARGET_NAME)";
				PROVISIONING_PROFILE_SPECIFIER = "";
				SWIFT_EMIT_LOC_STRINGS = YES;
				SWIFT_VERSION = 5.0;
				TARGETED_DEVICE_FAMILY = "1,2";
			};
			name = Release;
		};
/* End XCBuildConfiguration section */

/* Begin XCConfigurationList section */
		142CB9302A90CCF200CBD9F4 /* Build configuration list for PBXProject "SwiftUITemplet" */ = {
			isa = XCConfigurationList;
			buildConfigurations = (
				142CB9412A90CCF400CBD9F4 /* Debug */,
				142CB9422A90CCF400CBD9F4 /* Release */,
			);
			defaultConfigurationIsVisible = 0;
			defaultConfigurationName = Release;
		};
		142CB9432A90CCF400CBD9F4 /* Build configuration list for PBXNativeTarget "SwiftUITemplet" */ = {
			isa = XCConfigurationList;
			buildConfigurations = (
				142CB9442A90CCF400CBD9F4 /* Debug */,
				142CB9452A90CCF400CBD9F4 /* Release */,
			);
			defaultConfigurationIsVisible = 0;
			defaultConfigurationName = Release;
		};
/* End XCConfigurationList section */
	};
	rootObject = 142CB92D2A90CCF200CBD9F4 /* Project object */;
}
